
Microsoft Visual Studio Solution File, Format Version 12.00
# Visual Studio Version 16
VisualStudioVersion = 16.0.31112.23
MinimumVisualStudioVersion = 10.0.40219.1
Project("{FAE04EC0-301F-11D3-BF4B-00C04F79EFBC}") = "Waymark.Angular", "Waymark.Angular\Waymark.Angular.csproj", "{CFC602E7-2983-4B95-9964-54A43534E1E1}"
EndProject
Project("{FAE04EC0-301F-11D3-BF4B-00C04F79EFBC}") = "Waymark.Api", "Waymark.Api\Waymark.Api.csproj", "{1FCD7138-1CA9-4B76-B19B-049BBEC35A53}"
EndProject
Project("{2150E333-8FDC-42A3-9474-1A3956D46DE8}") = "Tests", "Tests", "{4C3DC27A-BD5B-4B3C-A9A3-685B7D071901}"
EndProject
Project("{FAE04EC0-301F-11D3-BF4B-00C04F79EFBC}") = "Waymark.Api.Tests", "Waymark.Api.Tests\Waymark.Api.Tests.csproj", "{62A2D278-26CF-4DE0-8D1B-FF83B0480A1B}"
EndProject
Global
	GlobalSection(SolutionConfigurationPlatforms) = preSolution
		Debug|Any CPU = Debug|Any CPU
		Release|Any CPU = Release|Any CPU
	EndGlobalSection
	GlobalSection(ProjectConfigurationPlatforms) = postSolution
		{CFC602E7-2983-4B95-9964-54A43534E1E1}.Debug|Any CPU.ActiveCfg = Debug|Any CPU
		{CFC602E7-2983-4B95-9964-54A43534E1E1}.Debug|Any CPU.Build.0 = Debug|Any CPU
		{CFC602E7-2983-4B95-9964-54A43534E1E1}.Release|Any CPU.ActiveCfg = Release|Any CPU
		{CFC602E7-2983-4B95-9964-54A43534E1E1}.Release|Any CPU.Build.0 = Release|Any CPU
		{1FCD7138-1CA9-4B76-B19B-049BBEC35A53}.Debug|Any CPU.ActiveCfg = Debug|Any CPU
		{1FCD7138-1CA9-4B76-B19B-049BBEC35A53}.Debug|Any CPU.Build.0 = Debug|Any CPU
		{1FCD7138-1CA9-4B76-B19B-049BBEC35A53}.Release|Any CPU.ActiveCfg = Release|Any CPU
		{1FCD7138-1CA9-4B76-B19B-049BBEC35A53}.Release|Any CPU.Build.0 = Release|Any CPU
		{62A2D278-26CF-4DE0-8D1B-FF83B0480A1B}.Debug|Any CPU.ActiveCfg = Debug|Any CPU
		{62A2D278-26CF-4DE0-8D1B-FF83B0480A1B}.Debug|Any CPU.Build.0 = Debug|Any CPU
		{62A2D278-26CF-4DE0-8D1B-FF83B0480A1B}.Release|Any CPU.ActiveCfg = Release|Any CPU
		{62A2D278-26CF-4DE0-8D1B-FF83B0480A1B}.Release|Any CPU.Build.0 = Release|Any CPU
	EndGlobalSection
	GlobalSection(SolutionProperties) = preSolution
		HideSolutionNode = FALSE
	EndGlobalSection
	GlobalSection(NestedProjects) = preSolution
		{62A2D278-26CF-4DE0-8D1B-FF83B0480A1B} = {4C3DC27A-BD5B-4B3C-A9A3-685B7D071901}
	EndGlobalSection
	GlobalSection(ExtensibilityGlobals) = postSolution
		SolutionGuid = {0A5EB1EC-04F3-4789-844B-0ACE7DABAB39}
	EndGlobalSection
EndGlobal
